
Microsoft Visual Studio Solution File, Format Version 12.00
# Visual Studio Version 16
VisualStudioVersion = 16.0.31729.503
MinimumVisualStudioVersion = 10.0.40219.1
Project("{FAE04EC0-301F-11D3-BF4B-00C04F79EFBC}") = "Calculadora-Examen", "Calculadora-Examen\Calculadora-Examen.csproj", "{DE98DE11-2D3D-42C3-B49D-508C13B57526}"
EndProject
Global
	GlobalSection(SolutionConfigurationPlatforms) = preSolution
		Debug|Any CPU = Debug|Any CPU
		Release|Any CPU = Release|Any CPU
	EndGlobalSection
	GlobalSection(ProjectConfigurationPlatforms) = postSolution
		{DE98DE11-2D3D-42C3-B49D-508C13B57526}.Debug|Any CPU.ActiveCfg = Debug|Any CPU
		{DE98DE11-2D3D-42C3-B49D-508C13B57526}.Debug|Any CPU.Build.0 = Debug|Any CPU
		{DE98DE11-2D3D-42C3-B49D-508C13B57526}.Release|Any CPU.ActiveCfg = Release|Any CPU
		{DE98DE11-2D3D-42C3-B49D-508C13B57526}.Release|Any CPU.Build.0 = Release|Any CPU
	EndGlobalSection
	GlobalSection(SolutionProperties) = preSolution
		HideSolutionNode = FALSE
	EndGlobalSection
	GlobalSection(ExtensibilityGlobals) = postSolution
		SolutionGuid = {84254248-D7E3-457B-8D38-FE77A6623047}
	EndGlobalSection
EndGlobal
